
Microsoft Visual Studio Solution File, Format Version 12.00
# Visual Studio 15
VisualStudioVersion = 15.0.28307.489
MinimumVisualStudioVersion = 10.0.40219.1
Project("{FAE04EC0-301F-11D3-BF4B-00C04F79EFBC}") = "InterBlock.Api.Test", "InterBlock.Api.Test\InterBlock.Api.Test.csproj", "{76D4C522-FBDF-4DEE-8DDD-CBEA6687A92F}"
EndProject
Project("{FAE04EC0-301F-11D3-BF4B-00C04F79EFBC}") = "InterBlock.BI.Models", "InterBlock.BI.Models\InterBlock.BI.Models.csproj", "{4F08528D-FA60-4B7E-801A-9CC57888E74F}"
EndProject
Project("{FAE04EC0-301F-11D3-BF4B-00C04F79EFBC}") = "InterBlock.Api.Service", "InterBlock.Api.Service\InterBlock.Api.Service.csproj", "{306D7B54-9063-45F5-985E-D45E2B8A0D7F}"
EndProject
Project("{2150E333-8FDC-42A3-9474-1A3956D46DE8}") = "Pilot Programs", "Pilot Programs", "{121AFA0C-9ECC-41D7-8ACD-FDEDC69485AF}"
EndProject
Project("{2150E333-8FDC-42A3-9474-1A3956D46DE8}") = "Data Models", "Data Models", "{0DC9604D-74D3-4542-A221-4C8F43439241}"
EndProject
Project("{2150E333-8FDC-42A3-9474-1A3956D46DE8}") = "Data Engine", "Data Engine", "{3AE101ED-7E22-46B3-BBD0-30004C97E6E6}"
EndProject
Project("{2150E333-8FDC-42A3-9474-1A3956D46DE8}") = "Helpers", "Helpers", "{83C5A550-5FCE-4CA8-9195-ECEEB1BCDC22}"
EndProject
Project("{FAE04EC0-301F-11D3-BF4B-00C04F79EFBC}") = "InterBlock.DataEngine.Common", "InterBlock.DataEngine.Common\InterBlock.DataEngine.Common.csproj", "{7493DDBA-0C5E-4EB9-A6F2-01EB62DF63D9}"
EndProject
Project("{FAE04EC0-301F-11D3-BF4B-00C04F79EFBC}") = "InterBlock.DataEngine.DB2", "InterBlock.DataEngine.DB2\InterBlock.DataEngine.DB2.csproj", "{BB331DFD-28B1-4890-9E77-159C934FF5F4}"
EndProject
Project("{FAE04EC0-301F-11D3-BF4B-00C04F79EFBC}") = "InterBlock.DataEngine.MSSQL", "InterBlock.DataEngine.MSSQL\InterBlock.DataEngine.MSSQL.csproj", "{18CD52D8-AE48-4F0F-AF51-1CB0222446FB}"
EndProject
Project("{FAE04EC0-301F-11D3-BF4B-00C04F79EFBC}") = "InterBlock.DataEngine.MySQL", "InterBlock.DataEngine.MySQL\InterBlock.DataEngine.MySQL.csproj", "{6CAE517F-51BE-465D-8973-C5EAE9311A55}"
EndProject
Project("{FAE04EC0-301F-11D3-BF4B-00C04F79EFBC}") = "InterBlock.DataEngine.PostgreSQL", "InterBlock.DataEngine.PostgreSQL\InterBlock.DataEngine.PostgreSQL.csproj", "{C87C0B2A-B935-4B82-9EAF-80720FFA6A32}"
EndProject
Project("{FAE04EC0-301F-11D3-BF4B-00C04F79EFBC}") = "InterBlock.Helpers.Configurations", "InterBlock.Helpers.Configurations\InterBlock.Helpers.Configurations.csproj", "{A429F3AF-0986-48A5-8537-F6ACFB0A58FF}"
EndProject
Project("{FAE04EC0-301F-11D3-BF4B-00C04F79EFBC}") = "InterBlock.Helpers.Enums", "InterBlock.Helpers.Enums\InterBlock.Helpers.Enums.csproj", "{1995E7AD-0834-44C2-A803-F974FEE52D4C}"
EndProject
Project("{FAE04EC0-301F-11D3-BF4B-00C04F79EFBC}") = "InterBlock.Helpers.Interfaces", "InterBlock.Helpers.Interfaces\InterBlock.Helpers.Interfaces.csproj", "{C7B581E9-0775-48CB-8A47-AE37FA4FBFDB}"
EndProject
Project("{FAE04EC0-301F-11D3-BF4B-00C04F79EFBC}") = "InterBlock.Helpers.Utilities", "InterBlock.Helpers.Utilities\InterBlock.Helpers.Utilities.csproj", "{B260EC27-475A-4C88-91D0-95BE3011783E}"
EndProject
Project("{FAE04EC0-301F-11D3-BF4B-00C04F79EFBC}") = "InterBlock.Repositories.Base", "InterBlock.Repositories.Base\InterBlock.Repositories.Base.csproj", "{E3554382-62CF-4ECB-9660-37A86E3847EC}"
EndProject
Project("{2150E333-8FDC-42A3-9474-1A3956D46DE8}") = "Repositories", "Repositories", "{66F22362-1A41-416C-AC2C-1FCCCCD7A409}"
EndProject
Global
	GlobalSection(SolutionConfigurationPlatforms) = preSolution
		Debug|Any CPU = Debug|Any CPU
		Release|Any CPU = Release|Any CPU
	EndGlobalSection
	GlobalSection(ProjectConfigurationPlatforms) = postSolution
		{76D4C522-FBDF-4DEE-8DDD-CBEA6687A92F}.Debug|Any CPU.ActiveCfg = Debug|Any CPU
		{76D4C522-FBDF-4DEE-8DDD-CBEA6687A92F}.Debug|Any CPU.Build.0 = Debug|Any CPU
		{76D4C522-FBDF-4DEE-8DDD-CBEA6687A92F}.Release|Any CPU.ActiveCfg = Release|Any CPU
		{76D4C522-FBDF-4DEE-8DDD-CBEA6687A92F}.Release|Any CPU.Build.0 = Release|Any CPU
		{4F08528D-FA60-4B7E-801A-9CC57888E74F}.Debug|Any CPU.ActiveCfg = Debug|Any CPU
		{4F08528D-FA60-4B7E-801A-9CC57888E74F}.Debug|Any CPU.Build.0 = Debug|Any CPU
		{4F08528D-FA60-4B7E-801A-9CC57888E74F}.Release|Any CPU.ActiveCfg = Release|Any CPU
		{4F08528D-FA60-4B7E-801A-9CC57888E74F}.Release|Any CPU.Build.0 = Release|Any CPU
		{306D7B54-9063-45F5-985E-D45E2B8A0D7F}.Debug|Any CPU.ActiveCfg = Debug|Any CPU
		{306D7B54-9063-45F5-985E-D45E2B8A0D7F}.Debug|Any CPU.Build.0 = Debug|Any CPU
		{306D7B54-9063-45F5-985E-D45E2B8A0D7F}.Release|Any CPU.ActiveCfg = Release|Any CPU
		{306D7B54-9063-45F5-985E-D45E2B8A0D7F}.Release|Any CPU.Build.0 = Release|Any CPU
		{7493DDBA-0C5E-4EB9-A6F2-01EB62DF63D9}.Debug|Any CPU.ActiveCfg = Debug|Any CPU
		{7493DDBA-0C5E-4EB9-A6F2-01EB62DF63D9}.Debug|Any CPU.Build.0 = Debug|Any CPU
		{7493DDBA-0C5E-4EB9-A6F2-01EB62DF63D9}.Release|Any CPU.ActiveCfg = Release|Any CPU
		{7493DDBA-0C5E-4EB9-A6F2-01EB62DF63D9}.Release|Any CPU.Build.0 = Release|Any CPU
		{BB331DFD-28B1-4890-9E77-159C934FF5F4}.Debug|Any CPU.ActiveCfg = Debug|Any CPU
		{BB331DFD-28B1-4890-9E77-159C934FF5F4}.Debug|Any CPU.Build.0 = Debug|Any CPU
		{BB331DFD-28B1-4890-9E77-159C934FF5F4}.Release|Any CPU.ActiveCfg = Release|Any CPU
		{BB331DFD-28B1-4890-9E77-159C934FF5F4}.Release|Any CPU.Build.0 = Release|Any CPU
		{18CD52D8-AE48-4F0F-AF51-1CB0222446FB}.Debug|Any CPU.ActiveCfg = Debug|Any CPU
		{18CD52D8-AE48-4F0F-AF51-1CB0222446FB}.Debug|Any CPU.Build.0 = Debug|Any CPU
		{18CD52D8-AE48-4F0F-AF51-1CB0222446FB}.Release|Any CPU.ActiveCfg = Release|Any CPU
		{18CD52D8-AE48-4F0F-AF51-1CB0222446FB}.Release|Any CPU.Build.0 = Release|Any CPU
		{6CAE517F-51BE-465D-8973-C5EAE9311A55}.Debug|Any CPU.ActiveCfg = Debug|Any CPU
		{6CAE517F-51BE-465D-8973-C5EAE9311A55}.Debug|Any CPU.Build.0 = Debug|Any CPU
		{6CAE517F-51BE-465D-8973-C5EAE9311A55}.Release|Any CPU.ActiveCfg = Release|Any CPU
		{6CAE517F-51BE-465D-8973-C5EAE9311A55}.Release|Any CPU.Build.0 = Release|Any CPU
		{C87C0B2A-B935-4B82-9EAF-80720FFA6A32}.Debug|Any CPU.ActiveCfg = Debug|Any CPU
		{C87C0B2A-B935-4B82-9EAF-80720FFA6A32}.Debug|Any CPU.Build.0 = Debug|Any CPU
		{C87C0B2A-B935-4B82-9EAF-80720FFA6A32}.Release|Any CPU.ActiveCfg = Release|Any CPU
		{C87C0B2A-B935-4B82-9EAF-80720FFA6A32}.Release|Any CPU.Build.0 = Release|Any CPU
		{A429F3AF-0986-48A5-8537-F6ACFB0A58FF}.Debug|Any CPU.ActiveCfg = Debug|Any CPU
		{A429F3AF-0986-48A5-8537-F6ACFB0A58FF}.Debug|Any CPU.Build.0 = Debug|Any CPU
		{A429F3AF-0986-48A5-8537-F6ACFB0A58FF}.Release|Any CPU.ActiveCfg = Release|Any CPU
		{A429F3AF-0986-48A5-8537-F6ACFB0A58FF}.Release|Any CPU.Build.0 = Release|Any CPU
		{1995E7AD-0834-44C2-A803-F974FEE52D4C}.Debug|Any CPU.ActiveCfg = Debug|Any CPU
		{1995E7AD-0834-44C2-A803-F974FEE52D4C}.Debug|Any CPU.Build.0 = Debug|Any CPU
		{1995E7AD-0834-44C2-A803-F974FEE52D4C}.Release|Any CPU.ActiveCfg = Release|Any CPU
		{1995E7AD-0834-44C2-A803-F974FEE52D4C}.Release|Any CPU.Build.0 = Release|Any CPU
		{C7B581E9-0775-48CB-8A47-AE37FA4FBFDB}.Debug|Any CPU.ActiveCfg = Debug|Any CPU
		{C7B581E9-0775-48CB-8A47-AE37FA4FBFDB}.Debug|Any CPU.Build.0 = Debug|Any CPU
		{C7B581E9-0775-48CB-8A47-AE37FA4FBFDB}.Release|Any CPU.ActiveCfg = Release|Any CPU
		{C7B581E9-0775-48CB-8A47-AE37FA4FBFDB}.Release|Any CPU.Build.0 = Release|Any CPU
		{B260EC27-475A-4C88-91D0-95BE3011783E}.Debug|Any CPU.ActiveCfg = Debug|Any CPU
		{B260EC27-475A-4C88-91D0-95BE3011783E}.Debug|Any CPU.Build.0 = Debug|Any CPU
		{B260EC27-475A-4C88-91D0-95BE3011783E}.Release|Any CPU.ActiveCfg = Release|Any CPU
		{B260EC27-475A-4C88-91D0-95BE3011783E}.Release|Any CPU.Build.0 = Release|Any CPU
		{E3554382-62CF-4ECB-9660-37A86E3847EC}.Debug|Any CPU.ActiveCfg = Debug|Any CPU
		{E3554382-62CF-4ECB-9660-37A86E3847EC}.Debug|Any CPU.Build.0 = Debug|Any CPU
		{E3554382-62CF-4ECB-9660-37A86E3847EC}.Release|Any CPU.ActiveCfg = Release|Any CPU
		{E3554382-62CF-4ECB-9660-37A86E3847EC}.Release|Any CPU.Build.0 = Release|Any CPU
	EndGlobalSection
	GlobalSection(SolutionProperties) = preSolution
		HideSolutionNode = FALSE
	EndGlobalSection
	GlobalSection(NestedProjects) = preSolution
		{76D4C522-FBDF-4DEE-8DDD-CBEA6687A92F} = {121AFA0C-9ECC-41D7-8ACD-FDEDC69485AF}
		{4F08528D-FA60-4B7E-801A-9CC57888E74F} = {0DC9604D-74D3-4542-A221-4C8F43439241}
		{306D7B54-9063-45F5-985E-D45E2B8A0D7F} = {121AFA0C-9ECC-41D7-8ACD-FDEDC69485AF}
		{7493DDBA-0C5E-4EB9-A6F2-01EB62DF63D9} = {3AE101ED-7E22-46B3-BBD0-30004C97E6E6}
		{BB331DFD-28B1-4890-9E77-159C934FF5F4} = {3AE101ED-7E22-46B3-BBD0-30004C97E6E6}
		{18CD52D8-AE48-4F0F-AF51-1CB0222446FB} = {3AE101ED-7E22-46B3-BBD0-30004C97E6E6}
		{6CAE517F-51BE-465D-8973-C5EAE9311A55} = {3AE101ED-7E22-46B3-BBD0-30004C97E6E6}
		{C87C0B2A-B935-4B82-9EAF-80720FFA6A32} = {3AE101ED-7E22-46B3-BBD0-30004C97E6E6}
		{A429F3AF-0986-48A5-8537-F6ACFB0A58FF} = {83C5A550-5FCE-4CA8-9195-ECEEB1BCDC22}
		{1995E7AD-0834-44C2-A803-F974FEE52D4C} = {83C5A550-5FCE-4CA8-9195-ECEEB1BCDC22}
		{C7B581E9-0775-48CB-8A47-AE37FA4FBFDB} = {83C5A550-5FCE-4CA8-9195-ECEEB1BCDC22}
		{B260EC27-475A-4C88-91D0-95BE3011783E} = {83C5A550-5FCE-4CA8-9195-ECEEB1BCDC22}
		{E3554382-62CF-4ECB-9660-37A86E3847EC} = {66F22362-1A41-416C-AC2C-1FCCCCD7A409}
	EndGlobalSection
	GlobalSection(ExtensibilityGlobals) = postSolution
		SolutionGuid = {998B08EF-6F88-45AA-AA1B-840C2CF4139A}
	EndGlobalSection
EndGlobal
